
Microsoft Visual Studio Solution File, Format Version 12.00
# Visual Studio Version 16
VisualStudioVersion = 16.0.32413.511
MinimumVisualStudioVersion = 10.0.40219.1
Project("{FAE04EC0-301F-11D3-BF4B-00C04F79EFBC}") = "SCserver", "SCserver\SCserver.csproj", "{B34AF04E-EE7C-4CAD-BD4C-1BD8E1442AF9}"
EndProject
Global
	GlobalSection(SolutionConfigurationPlatforms) = preSolution
		Debug|Any CPU = Debug|Any CPU
		Release|Any CPU = Release|Any CPU
	EndGlobalSection
	GlobalSection(ProjectConfigurationPlatforms) = postSolution
		{B34AF04E-EE7C-4CAD-BD4C-1BD8E1442AF9}.Debug|Any CPU.ActiveCfg = Debug|Any CPU
		{B34AF04E-EE7C-4CAD-BD4C-1BD8E1442AF9}.Debug|Any CPU.Build.0 = Debug|Any CPU
		{B34AF04E-EE7C-4CAD-BD4C-1BD8E1442AF9}.Release|Any CPU.ActiveCfg = Release|Any CPU
		{B34AF04E-EE7C-4CAD-BD4C-1BD8E1442AF9}.Release|Any CPU.Build.0 = Release|Any CPU
	EndGlobalSection
	GlobalSection(SolutionProperties) = preSolution
		HideSolutionNode = FALSE
	EndGlobalSection
	GlobalSection(ExtensibilityGlobals) = postSolution
		SolutionGuid = {C12C6FA2-4722-4E4E-862E-CD2E620D727A}
	EndGlobalSection
EndGlobal
